// !$*UTF8*$!
{
	archiveVersion = 1;
	classes = {
	};
	objectVersion = 46;
	objects = {

/* Begin PBXBuildFile section */
		B2A532CB1E2F10E700CA6F04 /* AppDelegate.swift in Sources */ = {isa = PBXBuildFile; fileRef = B2A532CA1E2F10E700CA6F04 /* AppDelegate.swift */; };
		B2A532CD1E2F10E700CA6F04 /* ViewController.swift in Sources */ = {isa = PBXBuildFile; fileRef = B2A532CC1E2F10E700CA6F04 /* ViewController.swift */; };
		B2A532D01E2F10E700CA6F04 /* Main.storyboard in Resources */ = {isa = PBXBuildFile; fileRef = B2A532CE1E2F10E700CA6F04 /* Main.storyboard */; };
		B2A532D31E2F10E700CA6F04 /* FoodTracker.xcdatamodeld in Sources */ = {isa = PBXBuildFile; fileRef = B2A532D11E2F10E700CA6F04 /* FoodTracker.xcdatamodeld */; };
		B2A532D51E2F10E700CA6F04 /* Assets.xcassets in Resources */ = {isa = PBXBuildFile; fileRef = B2A532D41E2F10E700CA6F04 /* Assets.xcassets */; };
		B2A532D81E2F10E700CA6F04 /* LaunchScreen.storyboard in Resources */ = {isa = PBXBuildFile; fileRef = B2A532D61E2F10E700CA6F04 /* LaunchScreen.storyboard */; };
		B2A532E31E2F10E800CA6F04 /* FoodTrackerTests.swift in Sources */ = {isa = PBXBuildFile; fileRef = B2A532E21E2F10E800CA6F04 /* FoodTrackerTests.swift */; };
		B2A532EE1E2F10E800CA6F04 /* FoodTrackerUITests.swift in Sources */ = {isa = PBXBuildFile; fileRef = B2A532ED1E2F10E800CA6F04 /* FoodTrackerUITests.swift */; };
/* End PBXBuildFile section */

/* Begin PBXContainerItemProxy section */
		B2A532DF1E2F10E800CA6F04 /* PBXContainerItemProxy */ = {
			isa = PBXContainerItemProxy;
			containerPortal = B2A532BF1E2F10E600CA6F04 /* Project object */;
			proxyType = 1;
			remoteGlobalIDString = B2A532C61E2F10E700CA6F04;
			remoteInfo = FoodTracker;
		};
		B2A532EA1E2F10E800CA6F04 /* PBXContainerItemProxy */ = {
			isa = PBXContainerItemProxy;
			containerPortal = B2A532BF1E2F10E600CA6F04 /* Project object */;
			proxyType = 1;
			remoteGlobalIDString = B2A532C61E2F10E700CA6F04;
			remoteInfo = FoodTracker;
		};
/* End PBXContainerItemProxy section */

/* Begin PBXFileReference section */
		B2A532C71E2F10E700CA6F04 /* FoodTracker.app */ = {isa = PBXFileReference; explicitFileType = wrapper.application; includeInIndex = 0; path = FoodTracker.app; sourceTree = BUILT_PRODUCTS_DIR; };
		B2A532CA1E2F10E700CA6F04 /* AppDelegate.swift */ = {isa = PBXFileReference; lastKnownFileType = sourcecode.swift; path = AppDelegate.swift; sourceTree = "<group>"; };
		B2A532CC1E2F10E700CA6F04 /* ViewController.swift */ = {isa = PBXFileReference; lastKnownFileType = sourcecode.swift; path = ViewController.swift; sourceTree = "<group>"; };
		B2A532CF1E2F10E700CA6F04 /* Base */ = {isa = PBXFileReference; lastKnownFileType = file.storyboard; name = Base; path = Base.lproj/Main.storyboard; sourceTree = "<group>"; };
		B2A532D21E2F10E700CA6F04 /* FoodTracker.xcdatamodel */ = {isa = PBXFileReference; lastKnownFileType = wrapper.xcdatamodel; path = FoodTracker.xcdatamodel; sourceTree = "<group>"; };
		B2A532D41E2F10E700CA6F04 /* Assets.xcassets */ = {isa = PBXFileReference; lastKnownFileType = folder.assetcatalog; path = Assets.xcassets; sourceTree = "<group>"; };
		B2A532D71E2F10E700CA6F04 /* Base */ = {isa = PBXFileReference; lastKnownFileType = file.storyboard; name = Base; path = Base.lproj/LaunchScreen.storyboard; sourceTree = "<group>"; };
		B2A532D91E2F10E700CA6F04 /* Info.plist */ = {isa = PBXFileReference; lastKnownFileType = text.plist.xml; path = Info.plist; sourceTree = "<group>"; };
		B2A532DE1E2F10E800CA6F04 /* FoodTrackerTests.xctest */ = {isa = PBXFileReference; explicitFileType = wrapper.cfbundle; includeInIndex = 0; path = FoodTrackerTests.xctest; sourceTree = BUILT_PRODUCTS_DIR; };
		B2A532E21E2F10E800CA6F04 /* FoodTrackerTests.swift */ = {isa = PBXFileReference; lastKnownFileType = sourcecode.swift; path = FoodTrackerTests.swift; sourceTree = "<group>"; };
		B2A532E41E2F10E800CA6F04 /* Info.plist */ = {isa = PBXFileReference; lastKnownFileType = text.plist.xml; path = Info.plist; sourceTree = "<group>"; };
		B2A532E91E2F10E800CA6F04 /* FoodTrackerUITests.xctest */ = {isa = PBXFileReference; explicitFileType = wrapper.cfbundle; includeInIndex = 0; path = FoodTrackerUITests.xctest; sourceTree = BUILT_PRODUCTS_DIR; };
		B2A532ED1E2F10E800CA6F04 /* FoodTrackerUITests.swift */ = {isa = PBXFileReference; lastKnownFileType = sourcecode.swift; path = FoodTrackerUITests.swift; sourceTree = "<group>"; };
		B2A532EF1E2F10E800CA6F04 /* Info.plist */ = {isa = PBXFileReference; lastKnownFileType = text.plist.xml; path = Info.plist; sourceTree = "<group>"; };
/* End PBXFileReference section */

/* Begin PBXFrameworksBuildPhase section */
		B2A532C41E2F10E700CA6F04 /* Frameworks */ = {
			isa = PBXFrameworksBuildPhase;
			buildActionMask = 2147483647;
			files = (
			);
			runOnlyForDeploymentPostprocessing = 0;
		};
		B2A532DB1E2F10E800CA6F04 /* Frameworks */ = {
			isa = PBXFrameworksBuildPhase;
			buildActionMask = 2147483647;
			files = (
			);
			runOnlyForDeploymentPostprocessing = 0;
		};
		B2A532E61E2F10E800CA6F04 /* Frameworks */ = {
			isa = PBXFrameworksBuildPhase;
			buildActionMask = 2147483647;
			files = (
			);
			runOnlyForDeploymentPostprocessing = 0;
		};
/* End PBXFrameworksBuildPhase section */

/* Begin PBXGroup section */
		B2A532BE1E2F10E600CA6F04 = {
			isa = PBXGroup;
			children = (
				B2A532C91E2F10E700CA6F04 /* FoodTracker */,
				B2A532E11E2F10E800CA6F04 /* FoodTrackerTests */,
				B2A532EC1E2F10E800CA6F04 /* FoodTrackerUITests */,
				B2A532C81E2F10E700CA6F04 /* Products */,
			);
			sourceTree = "<group>";
		};
		B2A532C81E2F10E700CA6F04 /* Products */ = {
			isa = PBXGroup;
			children = (
				B2A532C71E2F10E700CA6F04 /* FoodTracker.app */,
				B2A532DE1E2F10E800CA6F04 /* FoodTrackerTests.xctest */,
				B2A532E91E2F10E800CA6F04 /* FoodTrackerUITests.xctest */,
			);
			name = Products;
			sourceTree = "<group>";
		};
		B2A532C91E2F10E700CA6F04 /* FoodTracker */ = {
			isa = PBXGroup;
			children = (
				B2A532CA1E2F10E700CA6F04 /* AppDelegate.swift */,
				B2A532CC1E2F10E700CA6F04 /* ViewController.swift */,
				B2A532CE1E2F10E700CA6F04 /* Main.storyboard */,
				B2A532D41E2F10E700CA6F04 /* Assets.xcassets */,
				B2A532D61E2F10E700CA6F04 /* LaunchScreen.storyboard */,
				B2A532D91E2F10E700CA6F04 /* Info.plist */,
				B2A532D11E2F10E700CA6F04 /* FoodTracker.xcdatamodeld */,
			);
			path = FoodTracker;
			sourceTree = "<group>";
		};
		B2A532E11E2F10E800CA6F04 /* FoodTrackerTests */ = {
			isa = PBXGroup;
			children = (
				B2A532E21E2F10E800CA6F04 /* FoodTrackerTests.swift */,
				B2A532E41E2F10E800CA6F04 /* Info.plist */,
			);
			path = FoodTrackerTests;
			sourceTree = "<group>";
		};
		B2A532EC1E2F10E800CA6F04 /* FoodTrackerUITests */ = {
			isa = PBXGroup;
			children = (
				B2A532ED1E2F10E800CA6F04 /* FoodTrackerUITests.swift */,
				B2A532EF1E2F10E800CA6F04 /* Info.plist */,
			);
			path = FoodTrackerUITests;
			sourceTree = "<group>";
		};
/* End PBXGroup section */

/* Begin PBXNativeTarget section */
		B2A532C61E2F10E700CA6F04 /* FoodTracker */ = {
			isa = PBXNativeTarget;
			buildConfigurationList = B2A532F21E2F10E800CA6F04 /* Build configuration list for PBXNativeTarget "FoodTracker" */;
			buildPhases = (
				B2A532C31E2F10E700CA6F04 /* Sources */,
				B2A532C41E2F10E700CA6F04 /* Frameworks */,
				B2A532C51E2F10E700CA6F04 /* Resources */,
			);
			buildRules = (
			);
			dependencies = (
			);
			name = FoodTracker;
			productName = FoodTracker;
			productReference = B2A532C71E2F10E700CA6F04 /* FoodTracker.app */;
			productType = "com.apple.product-type.application";
		};
		B2A532DD1E2F10E800CA6F04 /* FoodTrackerTests */ = {
			isa = PBXNativeTarget;
			buildConfigurationList = B2A532F51E2F10E800CA6F04 /* Build configuration list for PBXNativeTarget "FoodTrackerTests" */;
			buildPhases = (
				B2A532DA1E2F10E800CA6F04 /* Sources */,
				B2A532DB1E2F10E800CA6F04 /* Frameworks */,
				B2A532DC1E2F10E800CA6F04 /* Resources */,
			);
			buildRules = (
			);
			dependencies = (
				B2A532E01E2F10E800CA6F04 /* PBXTargetDependency */,
			);
			name = FoodTrackerTests;
			productName = FoodTrackerTests;
			productReference = B2A532DE1E2F10E800CA6F04 /* FoodTrackerTests.xctest */;
			productType = "com.apple.product-type.bundle.unit-test";
		};
		B2A532E81E2F10E800CA6F04 /* FoodTrackerUITests */ = {
			isa = PBXNativeTarget;
			buildConfigurationList = B2A532F81E2F10E800CA6F04 /* Build configuration list for PBXNativeTarget "FoodTrackerUITests" */;
			buildPhases = (
				B2A532E51E2F10E800CA6F04 /* Sources */,
				B2A532E61E2F10E800CA6F04 /* Frameworks */,
				B2A532E71E2F10E800CA6F04 /* Resources */,
			);
			buildRules = (
			);
			dependencies = (
				B2A532EB1E2F10E800CA6F04 /* PBXTargetDependency */,
			);
			name = FoodTrackerUITests;
			productName = FoodTrackerUITests;
			productReference = B2A532E91E2F10E800CA6F04 /* FoodTrackerUITests.xctest */;
			productType = "com.apple.product-type.bundle.ui-testing";
		};
/* End PBXNativeTarget section */

/* Begin PBXProject section */
		B2A532BF1E2F10E600CA6F04 /* Project object */ = {
			isa = PBXProject;
			attributes = {
				LastSwiftUpdateCheck = 0820;
				LastUpgradeCheck = 0820;
				ORGANIZATIONNAME = "Steff McKee";
				TargetAttributes = {
					B2A532C61E2F10E700CA6F04 = {
						CreatedOnToolsVersion = 8.2.1;
						ProvisioningStyle = Automatic;
					};
					B2A532DD1E2F10E800CA6F04 = {
						CreatedOnToolsVersion = 8.2.1;
						ProvisioningStyle = Automatic;
						TestTargetID = B2A532C61E2F10E700CA6F04;
					};
					B2A532E81E2F10E800CA6F04 = {
						CreatedOnToolsVersion = 8.2.1;
						ProvisioningStyle = Automatic;
						TestTargetID = B2A532C61E2F10E700CA6F04;
					};
				};
			};
			buildConfigurationList = B2A532C21E2F10E600CA6F04 /* Build configuration list for PBXProject "FoodTracker" */;
			compatibilityVersion = "Xcode 3.2";
			developmentRegion = English;
			hasScannedForEncodings = 0;
			knownRegions = (
				en,
				Base,
			);
			mainGroup = B2A532BE1E2F10E600CA6F04;
			productRefGroup = B2A532C81E2F10E700CA6F04 /* Products */;
			projectDirPath = "";
			projectRoot = "";
			targets = (
				B2A532C61E2F10E700CA6F04 /* FoodTracker */,
				B2A532DD1E2F10E800CA6F04 /* FoodTrackerTests */,
				B2A532E81E2F10E800CA6F04 /* FoodTrackerUITests */,
			);
		};
/* End PBXProject section */

/* Begin PBXResourcesBuildPhase section */
		B2A532C51E2F10E700CA6F04 /* Resources */ = {
			isa = PBXResourcesBuildPhase;
			buildActionMask = 2147483647;
			files = (
				B2A532D81E2F10E700CA6F04 /* LaunchScreen.storyboard in Resources */,
				B2A532D51E2F10E700CA6F04 /* Assets.xcassets in Resources */,
				B2A532D01E2F10E700CA6F04 /* Main.storyboard in Resources */,
			);
			runOnlyForDeploymentPostprocessing = 0;
		};
		B2A532DC1E2F10E800CA6F04 /* Resources */ = {
			isa = PBXResourcesBuildPhase;
			buildActionMask = 2147483647;
			files = (
			);
			runOnlyForDeploymentPostprocessing = 0;
		};
		B2A532E71E2F10E800CA6F04 /* Resources */ = {
			isa = PBXResourcesBuildPhase;
			buildActionMask = 2147483647;
			files = (
			);
			runOnlyForDeploymentPostprocessing = 0;
		};
/* End PBXResourcesBuildPhase section */

/* Begin PBXSourcesBuildPhase section */
		B2A532C31E2F10E700CA6F04 /* Sources */ = {
			isa = PBXSourcesBuildPhase;
			buildActionMask = 2147483647;
			files = (
				B2A532CD1E2F10E700CA6F04 /* ViewController.swift in Sources */,
				B2A532CB1E2F10E700CA6F04 /* AppDelegate.swift in Sources */,
				B2A532D31E2F10E700CA6F04 /* FoodTracker.xcdatamodeld in Sources */,
			);
			runOnlyForDeploymentPostprocessing = 0;
		};
		B2A532DA1E2F10E800CA6F04 /* Sources */ = {
			isa = PBXSourcesBuildPhase;
			buildActionMask = 2147483647;
			files = (
				B2A532E31E2F10E800CA6F04 /* FoodTrackerTests.swift in Sources */,
			);
			runOnlyForDeploymentPostprocessing = 0;
		};
		B2A532E51E2F10E800CA6F04 /* Sources */ = {
			isa = PBXSourcesBuildPhase;
			buildActionMask = 2147483647;
			files = (
				B2A532EE1E2F10E800CA6F04 /* FoodTrackerUITests.swift in Sources */,
			);
			runOnlyForDeploymentPostprocessing = 0;
		};
/* End PBXSourcesBuildPhase section */

/* Begin PBXTargetDependency section */
		B2A532E01E2F10E800CA6F04 /* PBXTargetDependency */ = {
			isa = PBXTargetDependency;
			target = B2A532C61E2F10E700CA6F04 /* FoodTracker */;
			targetProxy = B2A532DF1E2F10E800CA6F04 /* PBXContainerItemProxy */;
		};
		B2A532EB1E2F10E800CA6F04 /* PBXTargetDependency */ = {
			isa = PBXTargetDependency;
			target = B2A532C61E2F10E700CA6F04 /* FoodTracker */;
			targetProxy = B2A532EA1E2F10E800CA6F04 /* PBXContainerItemProxy */;
		};
/* End PBXTargetDependency section */

/* Begin PBXVariantGroup section */
		B2A532CE1E2F10E700CA6F04 /* Main.storyboard */ = {
			isa = PBXVariantGroup;
			children = (
				B2A532CF1E2F10E700CA6F04 /* Base */,
			);
			name = Main.storyboard;
			sourceTree = "<group>";
		};
		B2A532D61E2F10E700CA6F04 /* LaunchScreen.storyboard */ = {
			isa = PBXVariantGroup;
			children = (
				B2A532D71E2F10E700CA6F04 /* Base */,
			);
			name = LaunchScreen.storyboard;
			sourceTree = "<group>";
		};
/* End PBXVariantGroup section */

/* Begin XCBuildConfiguration section */
		B2A532F01E2F10E800CA6F04 /* Debug */ = {
			isa = XCBuildConfiguration;
			buildSettings = {
				ALWAYS_SEARCH_USER_PATHS = NO;
				CLANG_ANALYZER_NONNULL = YES;
				CLANG_CXX_LANGUAGE_STANDARD = "gnu++0x";
				CLANG_CXX_LIBRARY = "libc++";
				CLANG_ENABLE_MODULES = YES;
				CLANG_ENABLE_OBJC_ARC = YES;
				CLANG_WARN_BOOL_CONVERSION = YES;
				CLANG_WARN_CONSTANT_CONVERSION = YES;
				CLANG_WARN_DIRECT_OBJC_ISA_USAGE = YES_ERROR;
				CLANG_WARN_DOCUMENTATION_COMMENTS = YES;
				CLANG_WARN_EMPTY_BODY = YES;
				CLANG_WARN_ENUM_CONVERSION = YES;
				CLANG_WARN_INFINITE_RECURSION = YES;
				CLANG_WARN_INT_CONVERSION = YES;
				CLANG_WARN_OBJC_ROOT_CLASS = YES_ERROR;
				CLANG_WARN_SUSPICIOUS_MOVE = YES;
				CLANG_WARN_UNREACHABLE_CODE = YES;
				CLANG_WARN__DUPLICATE_METHOD_MATCH = YES;
				"CODE_SIGN_IDENTITY[sdk=iphoneos*]" = "iPhone Developer";
				COPY_PHASE_STRIP = NO;
				DEBUG_INFORMATION_FORMAT = dwarf;
				ENABLE_STRICT_OBJC_MSGSEND = YES;
				ENABLE_TESTABILITY = YES;
				GCC_C_LANGUAGE_STANDARD = gnu99;
				GCC_DYNAMIC_NO_PIC = NO;
				GCC_NO_COMMON_BLOCKS = YES;
				GCC_OPTIMIZATION_LEVEL = 0;
				GCC_PREPROCESSOR_DEFINITIONS = (
					"DEBUG=1",
					"$(inherited)",
				);
				GCC_WARN_64_TO_32_BIT_CONVERSION = YES;
				GCC_WARN_ABOUT_RETURN_TYPE = YES_ERROR;
				GCC_WARN_UNDECLARED_SELECTOR = YES;
				GCC_WARN_UNINITIALIZED_AUTOS = YES_AGGRESSIVE;
				GCC_WARN_UNUSED_FUNCTION = YES;
				GCC_WARN_UNUSED_VARIABLE = YES;
				IPHONEOS_DEPLOYMENT_TARGET = 10.2;
				MTL_ENABLE_DEBUG_INFO = YES;
				ONLY_ACTIVE_ARCH = YES;
				SDKROOT = iphoneos;
				SWIFT_ACTIVE_COMPILATION_CONDITIONS = DEBUG;
				SWIFT_OPTIMIZATION_LEVEL = "-Onone";
				TARGETED_DEVICE_FAMILY = "1,2";
			};
			name = Debug;
		};
		B2A532F11E2F10E800CA6F04 /* Release */ = {
			isa = XCBuildConfiguration;
			buildSettings = {
				ALWAYS_SEARCH_USER_PATHS = NO;
				CLANG_ANALYZER_NONNULL = YES;
				CLANG_CXX_LANGUAGE_STANDARD = "gnu++0x";
				CLANG_CXX_LIBRARY = "libc++";
				CLANG_ENABLE_MODULES = YES;
				CLANG_ENABLE_OBJC_ARC = YES;
				CLANG_WARN_BOOL_CONVERSION = YES;
				CLANG_WARN_CONSTANT_CONVERSION = YES;
				CLANG_WARN_DIRECT_OBJC_ISA_USAGE = YES_ERROR;
				CLANG_WARN_DOCUMENTATION_COMMENTS = YES;
				CLANG_WARN_EMPTY_BODY = YES;
				CLANG_WARN_ENUM_CONVERSION = YES;
				CLANG_WARN_INFINITE_RECURSION = YES;
				CLANG_WARN_INT_CONVERSION = YES;
				CLANG_WARN_OBJC_ROOT_CLASS = YES_ERROR;
				CLANG_WARN_SUSPICIOUS_MOVE = YES;
				CLANG_WARN_UNREACHABLE_CODE = YES;
				CLANG_WARN__DUPLICATE_METHOD_MATCH = YES;
				"CODE_SIGN_IDENTITY[sdk=iphoneos*]" = "iPhone Developer";
				COPY_PHASE_STRIP = NO;
				DEBUG_INFORMATION_FORMAT = "dwarf-with-dsym";
				ENABLE_NS_ASSERTIONS = NO;
				ENABLE_STRICT_OBJC_MSGSEND = YES;
				GCC_C_LANGUAGE_STANDARD = gnu99;
				GCC_NO_COMMON_BLOCKS = YES;
				GCC_WARN_64_TO_32_BIT_CONVERSION = YES;
				GCC_WARN_ABOUT_RETURN_TYPE = YES_ERROR;
				GCC_WARN_UNDECLARED_SELECTOR = YES;
				GCC_WARN_UNINITIALIZED_AUTOS = YES_AGGRESSIVE;
				GCC_WARN_UNUSED_FUNCTION = YES;
				GCC_WARN_UNUSED_VARIABLE = YES;
				IPHONEOS_DEPLOYMENT_TARGET = 10.2;
				MTL_ENABLE_DEBUG_INFO = NO;
				SDKROOT = iphoneos;
				SWIFT_OPTIMIZATION_LEVEL = "-Owholemodule";
				TARGETED_DEVICE_FAMILY = "1,2";
				VALIDATE_PRODUCT = YES;
			};
			name = Release;
		};
		B2A532F31E2F10E800CA6F04 /* Debug */ = {
			isa = XCBuildConfiguration;
			buildSettings = {
				ASSETCATALOG_COMPILER_APPICON_NAME = AppIcon;
				DEVELOPMENT_TEAM = "";
				INFOPLIST_FILE = FoodTracker/Info.plist;
				LD_RUNPATH_SEARCH_PATHS = "$(inherited) @executable_path/Frameworks";
				PRODUCT_BUNDLE_IDENTIFIER = com.steffmckee.FoodTracker;
				PRODUCT_NAME = "$(TARGET_NAME)";
				SWIFT_VERSION = 3.0;
			};
			name = Debug;
		};
		B2A532F41E2F10E800CA6F04 /* Release */ = {
			isa = XCBuildConfiguration;
			buildSettings = {
				ASSETCATALOG_COMPILER_APPICON_NAME = AppIcon;
				DEVELOPMENT_TEAM = "";
				INFOPLIST_FILE = FoodTracker/Info.plist;
				LD_RUNPATH_SEARCH_PATHS = "$(inherited) @executable_path/Frameworks";
				PRODUCT_BUNDLE_IDENTIFIER = com.steffmckee.FoodTracker;
				PRODUCT_NAME = "$(TARGET_NAME)";
				SWIFT_VERSION = 3.0;
			};
			name = Release;
		};
		B2A532F61E2F10E800CA6F04 /* Debug */ = {
			isa = XCBuildConfiguration;
			buildSettings = {
				ALWAYS_EMBED_SWIFT_STANDARD_LIBRARIES = YES;
				BUNDLE_LOADER = "$(TEST_HOST)";
				INFOPLIST_FILE = FoodTrackerTests/Info.plist;
				LD_RUNPATH_SEARCH_PATHS = "$(inherited) @executable_path/Frameworks @loader_path/Frameworks";
				PRODUCT_BUNDLE_IDENTIFIER = com.steffmckee.FoodTrackerTests;
				PRODUCT_NAME = "$(TARGET_NAME)";
				SWIFT_VERSION = 3.0;
				TEST_HOST = "$(BUILT_PRODUCTS_DIR)/FoodTracker.app/FoodTracker";
			};
			name = Debug;
		};
		B2A532F71E2F10E800CA6F04 /* Release */ = {
			isa = XCBuildConfiguration;
			buildSettings = {
				ALWAYS_EMBED_SWIFT_STANDARD_LIBRARIES = YES;
				BUNDLE_LOADER = "$(TEST_HOST)";
				INFOPLIST_FILE = FoodTrackerTests/Info.plist;
				LD_RUNPATH_SEARCH_PATHS = "$(inherited) @executable_path/Frameworks @loader_path/Frameworks";
				PRODUCT_BUNDLE_IDENTIFIER = com.steffmckee.FoodTrackerTests;
				PRODUCT_NAME = "$(TARGET_NAME)";
				SWIFT_VERSION = 3.0;
				TEST_HOST = "$(BUILT_PRODUCTS_DIR)/FoodTracker.app/FoodTracker";
			};
			name = Release;
		};
		B2A532F91E2F10E800CA6F04 /* Debug */ = {
			isa = XCBuildConfiguration;
			buildSettings = {
				ALWAYS_EMBED_SWIFT_STANDARD_LIBRARIES = YES;
				INFOPLIST_FILE = FoodTrackerUITests/Info.plist;
				LD_RUNPATH_SEARCH_PATHS = "$(inherited) @executable_path/Frameworks @loader_path/Frameworks";
				PRODUCT_BUNDLE_IDENTIFIER = com.steffmckee.FoodTrackerUITests;
				PRODUCT_NAME = "$(TARGET_NAME)";
				SWIFT_VERSION = 3.0;
				TEST_TARGET_NAME = FoodTracker;
			};
			name = Debug;
		};
		B2A532FA1E2F10E800CA6F04 /* Release */ = {
			isa = XCBuildConfiguration;
			buildSettings = {
				ALWAYS_EMBED_SWIFT_STANDARD_LIBRARIES = YES;
				INFOPLIST_FILE = FoodTrackerUITests/Info.plist;
				LD_RUNPATH_SEARCH_PATHS = "$(inherited) @executable_path/Frameworks @loader_path/Frameworks";
				PRODUCT_BUNDLE_IDENTIFIER = com.steffmckee.FoodTrackerUITests;
				PRODUCT_NAME = "$(TARGET_NAME)";
				SWIFT_VERSION = 3.0;
				TEST_TARGET_NAME = FoodTracker;
			};
			name = Release;
		};
/* End XCBuildConfiguration section */

/* Begin XCConfigurationList section */
		B2A532C21E2F10E600CA6F04 /* Build configuration list for PBXProject "FoodTracker" */ = {
			isa = XCConfigurationList;
			buildConfigurations = (
				B2A532F01E2F10E800CA6F04 /* Debug */,
				B2A532F11E2F10E800CA6F04 /* Release */,
			);
			defaultConfigurationIsVisible = 0;
			defaultConfigurationName = Release;
		};
		B2A532F21E2F10E800CA6F04 /* Build configuration list for PBXNativeTarget "FoodTracker" */ = {
			isa = XCConfigurationList;
			buildConfigurations = (
				B2A532F31E2F10E800CA6F04 /* Debug */,
				B2A532F41E2F10E800CA6F04 /* Release */,
			);
			defaultConfigurationIsVisible = 0;
		};
		B2A532F51E2F10E800CA6F04 /* Build configuration list for PBXNativeTarget "FoodTrackerTests" */ = {
			isa = XCConfigurationList;
			buildConfigurations = (
				B2A532F61E2F10E800CA6F04 /* Debug */,
				B2A532F71E2F10E800CA6F04 /* Release */,
			);
			defaultConfigurationIsVisible = 0;
		};
		B2A532F81E2F10E800CA6F04 /* Build configuration list for PBXNativeTarget "FoodTrackerUITests" */ = {
			isa = XCConfigurationList;
			buildConfigurations = (
				B2A532F91E2F10E800CA6F04 /* Debug */,
				B2A532FA1E2F10E800CA6F04 /* Release */,
			);
			defaultConfigurationIsVisible = 0;
		};
/* End XCConfigurationList section */

/* Begin XCVersionGroup section */
		B2A532D11E2F10E700CA6F04 /* FoodTracker.xcdatamodeld */ = {
			isa = XCVersionGroup;
			children = (
				B2A532D21E2F10E700CA6F04 /* FoodTracker.xcdatamodel */,
			);
			currentVersion = B2A532D21E2F10E700CA6F04 /* FoodTracker.xcdatamodel */;
			path = FoodTracker.xcdatamodeld;
			sourceTree = "<group>";
			versionGroupType = wrapper.xcdatamodel;
		};
/* End XCVersionGroup section */
	};
	rootObject = B2A532BF1E2F10E600CA6F04 /* Project object */;
}
